{
  "version": 4,
  "terraform_version": "1.10.5",
  "serial": 141,
  "lineage": "e5397aea-39c6-35cd-1103-63223a635eb6",
  "outputs": {},
  "resources": [
    {
      "mode": "managed",
      "type": "openstack_compute_floatingip_associate_v2",
      "name": "server_floating_ip_assoc",
      "provider": "provider[\"registry.terraform.io/terraform-provider-openstack/openstack\"]",
      "instances": [
        {
          "schema_version": 0,
          "attributes": {
            "fixed_ip": "",
            "floating_ip": "138.4.21.165",
            "id": "138.4.21.165/880eb124-4163-4bc3-8756-0ca3d696c1e8/",
            "instance_id": "880eb124-4163-4bc3-8756-0ca3d696c1e8",
            "region": "RegionOne",
            "timeouts": null,
            "wait_until_associated": null
          },
          "sensitive_attributes": [],
          "private": "eyJlMmJmYjczMC1lY2FhLTExZTYtOGY4OC0zNDM2M2JjN2M0YzAiOnsiY3JlYXRlIjo2MDAwMDAwMDAwMDB9fQ==",
          "dependencies": [
            "openstack_compute_instance_v2.broker_Daniel",
            "openstack_networking_floatingip_v2.floating_ip",
            "openstack_networking_network_v2.Daniel_network",
            "openstack_networking_port_v2.broker_control_port",
            "openstack_networking_subnet_v2.Daniel_control_subnetwork"
          ]
        }
      ]
    },
    {
      "mode": "managed",
      "type": "openstack_compute_instance_v2",
      "name": "Daniel_AGF",
      "provider": "provider[\"registry.terraform.io/terraform-provider-openstack/openstack\"]",
      "instances": [
        {
          "schema_version": 0,
          "attributes": {
            "access_ip_v4": "10.0.1.31",
            "access_ip_v6": "",
            "admin_pass": null,
            "all_metadata": {},
            "all_tags": [],
            "availability_zone": "nova",
            "availability_zone_hints": null,
            "block_device": [],
            "config_drive": null,
            "created": "2025-03-20 13:07:09 +0000 UTC",
            "flavor_id": "101",
            "flavor_name": "b5g_terraform_small",
            "floating_ip": null,
            "force_delete": false,
            "id": "c0ab911c-a822-4f6a-8c07-392db0375f3a",
            "image_id": "db02fc5c-cacc-42be-8e5f-90f2db65cf7c",
            "image_name": "ubuntu22.04",
            "key_pair": "",
            "metadata": null,
            "name": "Daniel_AGF",
            "network": [
              {
                "access_network": false,
                "fixed_ip_v4": "10.0.1.31",
                "fixed_ip_v6": "",
                "floating_ip": "",
                "mac": "fa:16:3e:64:cc:09",
                "name": "Daniel_network",
                "port": "cd96e965-7444-4f18-8ecf-2c5dd40117c5",
                "uuid": "cbb5f80e-cb1e-47ea-9eee-4e0f8a9bbbee"
              },
              {
                "access_network": false,
                "fixed_ip_v4": "10.0.2.30",
                "fixed_ip_v6": "",
                "floating_ip": "",
                "mac": "fa:16:3e:64:45:93",
                "name": "Daniel_network",
                "port": "156bd363-14ba-40f4-bbf8-4d068e382132",
                "uuid": "cbb5f80e-cb1e-47ea-9eee-4e0f8a9bbbee"
              },
              {
                "access_network": false,
                "fixed_ip_v4": "10.0.0.50",
                "fixed_ip_v6": "",
                "floating_ip": "",
                "mac": "fa:16:3e:70:4e:39",
                "name": "Daniel_network",
                "port": "47b48b38-79ee-431e-838c-dadeb9eef71c",
                "uuid": "cbb5f80e-cb1e-47ea-9eee-4e0f8a9bbbee"
              }
            ],
            "network_mode": null,
            "personality": [],
            "power_state": "active",
            "region": "RegionOne",
            "scheduler_hints": [],
            "security_groups": [
              "default"
            ],
            "stop_before_destroy": false,
            "tags": null,
            "timeouts": null,
            "updated": "2025-03-20 13:07:18 +0000 UTC",
            "user_data": "1b786f98f8c8707b497604fd2b64c8cd82a535e6",
            "vendor_options": [],
            "volume": []
          },
          "sensitive_attributes": [
            [
              {
                "type": "get_attr",
                "value": "admin_pass"
              }
            ]
          ],
          "private": "eyJlMmJmYjczMC1lY2FhLTExZTYtOGY4OC0zNDM2M2JjN2M0YzAiOnsiY3JlYXRlIjoxODAwMDAwMDAwMDAwLCJkZWxldGUiOjE4MDAwMDAwMDAwMDAsInVwZGF0ZSI6MTgwMDAwMDAwMDAwMH19",
          "dependencies": [
            "openstack_networking_network_v2.Daniel_network",
            "openstack_networking_port_v2.Daniel_AGF_UE_port",
            "openstack_networking_port_v2.Daniel_AGF_control_port",
            "openstack_networking_port_v2.Daniel_AGF_core5G_port",
            "openstack_networking_port_v2.Daniel_UE_AGF_port",
            "openstack_networking_subnet_v2.Daniel_AGF_core5G_subnetwork",
            "openstack_networking_subnet_v2.Daniel_UE_AGF_subnetwork",
            "openstack_networking_subnet_v2.Daniel_control_subnetwork"
          ]
        }
      ]
    },
    {
      "mode": "managed",
      "type": "openstack_compute_instance_v2",
      "name": "Daniel_UE",
      "provider": "provider[\"registry.terraform.io/terraform-provider-openstack/openstack\"]",
      "instances": [
        {
          "schema_version": 0,
          "attributes": {
            "access_ip_v4": "10.0.1.30",
            "access_ip_v6": "",
            "admin_pass": null,
            "all_metadata": {},
            "all_tags": [],
            "availability_zone": "nova",
            "availability_zone_hints": null,
            "block_device": [],
            "config_drive": null,
            "created": "2025-03-20 13:07:08 +0000 UTC",
            "flavor_id": "101",
            "flavor_name": "b5g_terraform_small",
            "floating_ip": null,
            "force_delete": false,
            "id": "efb7d00f-3365-4ad1-b230-cea4e46b8cb9",
            "image_id": "db02fc5c-cacc-42be-8e5f-90f2db65cf7c",
            "image_name": "ubuntu22.04",
            "key_pair": "",
            "metadata": null,
            "name": "Daniel_UE",
            "network": [
              {
                "access_network": false,
                "fixed_ip_v4": "10.0.1.30",
                "fixed_ip_v6": "",
                "floating_ip": "",
                "mac": "fa:16:3e:97:37:a7",
                "name": "Daniel_network",
                "port": "b8d900bb-d869-44b1-a1fa-3807231166e9",
                "uuid": "cbb5f80e-cb1e-47ea-9eee-4e0f8a9bbbee"
              },
              {
                "access_network": false,
                "fixed_ip_v4": "10.0.0.30",
                "fixed_ip_v6": "",
                "floating_ip": "",
                "mac": "fa:16:3e:73:6c:05",
                "name": "Daniel_network",
                "port": "483d6df0-ef9d-4c92-a5cc-491f9511fb9d",
                "uuid": "cbb5f80e-cb1e-47ea-9eee-4e0f8a9bbbee"
              }
            ],
            "network_mode": null,
            "personality": [],
            "power_state": "active",
            "region": "RegionOne",
            "scheduler_hints": [],
            "security_groups": [
              "default"
            ],
            "stop_before_destroy": false,
            "tags": null,
            "timeouts": null,
            "updated": "2025-03-20 13:07:17 +0000 UTC",
            "user_data": "eebb01ab4204b6b5cec5de9e662f508b114ff4cc",
            "vendor_options": [],
            "volume": []
          },
          "sensitive_attributes": [
            [
              {
                "type": "get_attr",
                "value": "admin_pass"
              }
            ]
          ],
          "private": "eyJlMmJmYjczMC1lY2FhLTExZTYtOGY4OC0zNDM2M2JjN2M0YzAiOnsiY3JlYXRlIjoxODAwMDAwMDAwMDAwLCJkZWxldGUiOjE4MDAwMDAwMDAwMDAsInVwZGF0ZSI6MTgwMDAwMDAwMDAwMH19",
          "dependencies": [
            "openstack_networking_network_v2.Daniel_network",
            "openstack_networking_port_v2.Daniel_UE_AGF_port",
            "openstack_networking_port_v2.Daniel_UE_control_port",
            "openstack_networking_subnet_v2.Daniel_UE_AGF_subnetwork",
            "openstack_networking_subnet_v2.Daniel_control_subnetwork"
          ]
        }
      ]
    },
    {
      "mode": "managed",
      "type": "openstack_compute_instance_v2",
      "name": "Daniel_core5G",
      "provider": "provider[\"registry.terraform.io/terraform-provider-openstack/openstack\"]",
      "instances": [
        {
          "schema_version": 0,
          "attributes": {
            "access_ip_v4": "10.0.3.30",
            "access_ip_v6": "",
            "admin_pass": null,
            "all_metadata": {},
            "all_tags": [],
            "availability_zone": "nova",
            "availability_zone_hints": null,
            "block_device": [],
            "config_drive": null,
            "created": "2025-03-20 13:07:08 +0000 UTC",
            "flavor_id": "101",
            "flavor_name": "b5g_terraform_small",
            "floating_ip": null,
            "force_delete": false,
            "id": "fc2d7e82-4200-4ed6-8e45-4a9a3ff1f105",
            "image_id": "db02fc5c-cacc-42be-8e5f-90f2db65cf7c",
            "image_name": "ubuntu22.04",
            "key_pair": "",
            "metadata": null,
            "name": "Daniel_core5G",
            "network": [
              {
                "access_network": false,
                "fixed_ip_v4": "10.0.3.30",
                "fixed_ip_v6": "",
                "floating_ip": "",
                "mac": "fa:16:3e:86:5b:9b",
                "name": "Daniel_network",
                "port": "6169d7ac-26f7-48dd-93c4-d699bf4b3aab",
                "uuid": "cbb5f80e-cb1e-47ea-9eee-4e0f8a9bbbee"
              },
              {
                "access_network": false,
                "fixed_ip_v4": "10.0.2.40",
                "fixed_ip_v6": "",
                "floating_ip": "",
                "mac": "fa:16:3e:d7:aa:2a",
                "name": "Daniel_network",
                "port": "95601d36-0244-4b35-ab53-c40244f7151d",
                "uuid": "cbb5f80e-cb1e-47ea-9eee-4e0f8a9bbbee"
              },
              {
                "access_network": false,
                "fixed_ip_v4": "10.0.0.60",
                "fixed_ip_v6": "",
                "floating_ip": "",
                "mac": "fa:16:3e:6b:e7:5a",
                "name": "Daniel_network",
                "port": "df9d27c1-3a0d-4931-892d-e6d8ac557291",
                "uuid": "cbb5f80e-cb1e-47ea-9eee-4e0f8a9bbbee"
              }
            ],
            "network_mode": null,
            "personality": [],
            "power_state": "active",
            "region": "RegionOne",
            "scheduler_hints": [],
            "security_groups": [
              "default"
            ],
            "stop_before_destroy": false,
            "tags": null,
            "timeouts": null,
            "updated": "2025-03-20 13:07:20 +0000 UTC",
            "user_data": "36f1d84d51ab349873074a9e47ff2dcde0b034f2",
            "vendor_options": [],
            "volume": []
          },
          "sensitive_attributes": [
            [
              {
                "type": "get_attr",
                "value": "admin_pass"
              }
            ]
          ],
          "private": "eyJlMmJmYjczMC1lY2FhLTExZTYtOGY4OC0zNDM2M2JjN2M0YzAiOnsiY3JlYXRlIjoxODAwMDAwMDAwMDAwLCJkZWxldGUiOjE4MDAwMDAwMDAwMDAsInVwZGF0ZSI6MTgwMDAwMDAwMDAwMH19",
          "dependencies": [
            "openstack_networking_network_v2.Daniel_network",
            "openstack_networking_port_v2.Daniel_core5G_AGF_port",
            "openstack_networking_port_v2.Daniel_core5G_control_port",
            "openstack_networking_port_v2.Daniel_core5G_internet_port",
            "openstack_networking_subnet_v2.Daniel_AGF_core5G_subnetwork",
            "openstack_networking_subnet_v2.Daniel_control_subnetwork",
            "openstack_networking_subnet_v2.Daniel_core5G_internet_subnetwork"
          ]
        }
      ]
    },
    {
      "mode": "managed",
      "type": "openstack_compute_instance_v2",
      "name": "broker_Daniel",
      "provider": "provider[\"registry.terraform.io/terraform-provider-openstack/openstack\"]",
      "instances": [
        {
          "schema_version": 0,
          "attributes": {
            "access_ip_v4": "10.0.0.40",
            "access_ip_v6": "",
            "admin_pass": null,
            "all_metadata": {},
            "all_tags": [],
            "availability_zone": "nova",
            "availability_zone_hints": null,
            "block_device": [],
            "config_drive": null,
            "created": "2025-03-20 13:07:07 +0000 UTC",
            "flavor_id": "101",
            "flavor_name": "b5g_terraform_small",
            "floating_ip": null,
            "force_delete": false,
            "id": "880eb124-4163-4bc3-8756-0ca3d696c1e8",
            "image_id": "db02fc5c-cacc-42be-8e5f-90f2db65cf7c",
            "image_name": "ubuntu22.04",
            "key_pair": "",
            "metadata": null,
            "name": "broker_Daniel",
            "network": [
              {
                "access_network": false,
                "fixed_ip_v4": "10.0.0.40",
                "fixed_ip_v6": "",
                "floating_ip": "",
                "mac": "fa:16:3e:89:de:9b",
                "name": "Daniel_network",
                "port": "92a43b27-f238-475b-8d9f-2e8adfe32905",
                "uuid": "cbb5f80e-cb1e-47ea-9eee-4e0f8a9bbbee"
              }
            ],
            "network_mode": null,
            "personality": [],
            "power_state": "active",
            "region": "RegionOne",
            "scheduler_hints": [],
            "security_groups": [
              "default"
            ],
            "stop_before_destroy": false,
            "tags": null,
            "timeouts": null,
            "updated": "2025-03-20 13:07:12 +0000 UTC",
            "user_data": "befb4d26c5abb7e0f19e74de02a27cd994f02447",
            "vendor_options": [],
            "volume": []
          },
          "sensitive_attributes": [
            [
              {
                "type": "get_attr",
                "value": "admin_pass"
              }
            ]
          ],
          "private": "eyJlMmJmYjczMC1lY2FhLTExZTYtOGY4OC0zNDM2M2JjN2M0YzAiOnsiY3JlYXRlIjoxODAwMDAwMDAwMDAwLCJkZWxldGUiOjE4MDAwMDAwMDAwMDAsInVwZGF0ZSI6MTgwMDAwMDAwMDAwMH19",
          "dependencies": [
            "openstack_networking_network_v2.Daniel_network",
            "openstack_networking_port_v2.broker_control_port",
            "openstack_networking_subnet_v2.Daniel_control_subnetwork"
          ]
        }
      ]
    },
    {
      "mode": "managed",
      "type": "openstack_networking_floatingip_v2",
      "name": "floating_ip",
      "provider": "provider[\"registry.terraform.io/terraform-provider-openstack/openstack\"]",
      "instances": [
        {
          "schema_version": 0,
          "attributes": {
            "address": "138.4.21.165",
            "all_tags": [],
            "description": "",
            "dns_domain": "",
            "dns_name": "",
            "fixed_ip": "",
            "id": "b29d857a-1372-4dd2-be4d-999ae8ab116f",
            "pool": "extnet",
            "port_id": "",
            "region": "RegionOne",
            "subnet_id": null,
            "subnet_ids": null,
            "tags": null,
            "tenant_id": "2f24bb0d79974c39a6326721d4b884b6",
            "timeouts": null,
            "value_specs": null
          },
          "sensitive_attributes": [],
          "private": "eyJlMmJmYjczMC1lY2FhLTExZTYtOGY4OC0zNDM2M2JjN2M0YzAiOnsiY3JlYXRlIjo2MDAwMDAwMDAwMDAsImRlbGV0ZSI6NjAwMDAwMDAwMDAwfX0="
        }
      ]
    },
    {
      "mode": "managed",
      "type": "openstack_networking_network_v2",
      "name": "Daniel_network",
      "provider": "provider[\"registry.terraform.io/terraform-provider-openstack/openstack\"]",
      "instances": [
        {
          "schema_version": 0,
          "attributes": {
            "admin_state_up": true,
            "all_tags": [],
            "availability_zone_hints": [],
            "description": "",
            "dns_domain": "",
            "external": false,
            "id": "cbb5f80e-cb1e-47ea-9eee-4e0f8a9bbbee",
            "mtu": 1450,
            "name": "Daniel_network",
            "port_security_enabled": true,
            "qos_policy_id": "",
            "region": "RegionOne",
            "segments": [
              {
                "network_type": "vxlan",
                "physical_network": "",
                "segmentation_id": 98
              }
            ],
            "shared": false,
            "tags": null,
            "tenant_id": "2f24bb0d79974c39a6326721d4b884b6",
            "timeouts": null,
            "transparent_vlan": false,
            "value_specs": null
          },
          "sensitive_attributes": [],
          "private": "eyJlMmJmYjczMC1lY2FhLTExZTYtOGY4OC0zNDM2M2JjN2M0YzAiOnsiY3JlYXRlIjo2MDAwMDAwMDAwMDAsImRlbGV0ZSI6NjAwMDAwMDAwMDAwfX0="
        }
      ]
    },
    {
      "mode": "managed",
      "type": "openstack_networking_port_v2",
      "name": "Daniel_AGF_UE_port",
      "provider": "provider[\"registry.terraform.io/terraform-provider-openstack/openstack\"]",
      "instances": [
        {
          "schema_version": 0,
          "attributes": {
            "admin_state_up": true,
            "all_fixed_ips": [
              "10.0.1.31"
            ],
            "all_security_group_ids": [
              "5d30c798-f894-4886-8913-5ba29bfaf740"
            ],
            "all_tags": [],
            "allowed_address_pairs": [],
            "binding": [
              {
                "host_id": "",
                "profile": "{}",
                "vif_details": {},
                "vif_type": "unbound",
                "vnic_type": "normal"
              }
            ],
            "description": "",
            "device_id": "",
            "device_owner": "",
            "dns_assignment": [],
            "dns_name": "",
            "extra_dhcp_option": [],
            "fixed_ip": [
              {
                "ip_address": "10.0.1.31",
                "subnet_id": "97a7495f-a335-406a-b947-15b231a2a217"
              }
            ],
            "id": "cd96e965-7444-4f18-8ecf-2c5dd40117c5",
            "mac_address": "fa:16:3e:64:cc:09",
            "name": "Daniel_AGF_UE_port",
            "network_id": "cbb5f80e-cb1e-47ea-9eee-4e0f8a9bbbee",
            "no_fixed_ip": null,
            "no_security_groups": null,
            "port_security_enabled": true,
            "qos_policy_id": "",
            "region": "RegionOne",
            "security_group_ids": null,
            "tags": null,
            "tenant_id": "2f24bb0d79974c39a6326721d4b884b6",
            "timeouts": {
              "create": "10m",
              "delete": "10m"
            },
            "value_specs": null
          },
          "sensitive_attributes": [],
          "private": "eyJlMmJmYjczMC1lY2FhLTExZTYtOGY4OC0zNDM2M2JjN2M0YzAiOnsiY3JlYXRlIjo2MDAwMDAwMDAwMDAsImRlbGV0ZSI6NjAwMDAwMDAwMDAwfX0=",
          "dependencies": [
            "openstack_networking_network_v2.Daniel_network",
            "openstack_networking_subnet_v2.Daniel_UE_AGF_subnetwork"
          ]
        }
      ]
    },
    {
      "mode": "managed",
      "type": "openstack_networking_port_v2",
      "name": "Daniel_AGF_control_port",
      "provider": "provider[\"registry.terraform.io/terraform-provider-openstack/openstack\"]",
      "instances": [
        {
          "schema_version": 0,
          "attributes": {
            "admin_state_up": true,
            "all_fixed_ips": [
              "10.0.0.50"
            ],
            "all_security_group_ids": [
              "5d30c798-f894-4886-8913-5ba29bfaf740"
            ],
            "all_tags": [],
            "allowed_address_pairs": [],
            "binding": [
              {
                "host_id": "",
                "profile": "{}",
                "vif_details": {},
                "vif_type": "unbound",
                "vnic_type": "normal"
              }
            ],
            "description": "",
            "device_id": "",
            "device_owner": "",
            "dns_assignment": [],
            "dns_name": "",
            "extra_dhcp_option": [],
            "fixed_ip": [
              {
                "ip_address": "10.0.0.50",
                "subnet_id": "0ba91e1e-7b90-45f5-b30f-988ceb398bf8"
              }
            ],
            "id": "47b48b38-79ee-431e-838c-dadeb9eef71c",
            "mac_address": "fa:16:3e:70:4e:39",
            "name": "Daniel_AGF_control_port",
            "network_id": "cbb5f80e-cb1e-47ea-9eee-4e0f8a9bbbee",
            "no_fixed_ip": null,
            "no_security_groups": null,
            "port_security_enabled": true,
            "qos_policy_id": "",
            "region": "RegionOne",
            "security_group_ids": null,
            "tags": null,
            "tenant_id": "2f24bb0d79974c39a6326721d4b884b6",
            "timeouts": {
              "create": "10m",
              "delete": "10m"
            },
            "value_specs": null
          },
          "sensitive_attributes": [],
          "private": "eyJlMmJmYjczMC1lY2FhLTExZTYtOGY4OC0zNDM2M2JjN2M0YzAiOnsiY3JlYXRlIjo2MDAwMDAwMDAwMDAsImRlbGV0ZSI6NjAwMDAwMDAwMDAwfX0=",
          "dependencies": [
            "openstack_networking_network_v2.Daniel_network",
            "openstack_networking_subnet_v2.Daniel_control_subnetwork"
          ]
        }
      ]
    },
    {
      "mode": "managed",
      "type": "openstack_networking_port_v2",
      "name": "Daniel_AGF_core5G_port",
      "provider": "provider[\"registry.terraform.io/terraform-provider-openstack/openstack\"]",
      "instances": [
        {
          "schema_version": 0,
          "attributes": {
            "admin_state_up": true,
            "all_fixed_ips": [
              "10.0.2.30"
            ],
            "all_security_group_ids": [
              "5d30c798-f894-4886-8913-5ba29bfaf740"
            ],
            "all_tags": [],
            "allowed_address_pairs": [],
            "binding": [
              {
                "host_id": "",
                "profile": "{}",
                "vif_details": {},
                "vif_type": "unbound",
                "vnic_type": "normal"
              }
            ],
            "description": "",
            "device_id": "",
            "device_owner": "",
            "dns_assignment": [],
            "dns_name": "",
            "extra_dhcp_option": [],
            "fixed_ip": [
              {
                "ip_address": "10.0.2.30",
                "subnet_id": "0e00de08-3cbc-45b8-9227-d487496d8d33"
              }
            ],
            "id": "156bd363-14ba-40f4-bbf8-4d068e382132",
            "mac_address": "fa:16:3e:64:45:93",
            "name": "Daniel_AGF_core5G_port",
            "network_id": "cbb5f80e-cb1e-47ea-9eee-4e0f8a9bbbee",
            "no_fixed_ip": null,
            "no_security_groups": null,
            "port_security_enabled": true,
            "qos_policy_id": "",
            "region": "RegionOne",
            "security_group_ids": null,
            "tags": null,
            "tenant_id": "2f24bb0d79974c39a6326721d4b884b6",
            "timeouts": {
              "create": "10m",
              "delete": "10m"
            },
            "value_specs": null
          },
          "sensitive_attributes": [],
          "private": "eyJlMmJmYjczMC1lY2FhLTExZTYtOGY4OC0zNDM2M2JjN2M0YzAiOnsiY3JlYXRlIjo2MDAwMDAwMDAwMDAsImRlbGV0ZSI6NjAwMDAwMDAwMDAwfX0=",
          "dependencies": [
            "openstack_networking_network_v2.Daniel_network",
            "openstack_networking_subnet_v2.Daniel_AGF_core5G_subnetwork"
          ]
        }
      ]
    },
    {
      "mode": "managed",
      "type": "openstack_networking_port_v2",
      "name": "Daniel_UE_AGF_port",
      "provider": "provider[\"registry.terraform.io/terraform-provider-openstack/openstack\"]",
      "instances": [
        {
          "schema_version": 0,
          "attributes": {
            "admin_state_up": true,
            "all_fixed_ips": [
              "10.0.1.30"
            ],
            "all_security_group_ids": [
              "5d30c798-f894-4886-8913-5ba29bfaf740"
            ],
            "all_tags": [],
            "allowed_address_pairs": [],
            "binding": [
              {
                "host_id": "",
                "profile": "{}",
                "vif_details": {},
                "vif_type": "unbound",
                "vnic_type": "normal"
              }
            ],
            "description": "",
            "device_id": "",
            "device_owner": "",
            "dns_assignment": [],
            "dns_name": "",
            "extra_dhcp_option": [],
            "fixed_ip": [
              {
                "ip_address": "10.0.1.30",
                "subnet_id": "97a7495f-a335-406a-b947-15b231a2a217"
              }
            ],
            "id": "b8d900bb-d869-44b1-a1fa-3807231166e9",
            "mac_address": "fa:16:3e:97:37:a7",
            "name": "Daniel_UE_AGF_port",
            "network_id": "cbb5f80e-cb1e-47ea-9eee-4e0f8a9bbbee",
            "no_fixed_ip": null,
            "no_security_groups": null,
            "port_security_enabled": true,
            "qos_policy_id": "",
            "region": "RegionOne",
            "security_group_ids": null,
            "tags": null,
            "tenant_id": "2f24bb0d79974c39a6326721d4b884b6",
            "timeouts": {
              "create": "10m",
              "delete": "10m"
            },
            "value_specs": null
          },
          "sensitive_attributes": [],
          "private": "eyJlMmJmYjczMC1lY2FhLTExZTYtOGY4OC0zNDM2M2JjN2M0YzAiOnsiY3JlYXRlIjo2MDAwMDAwMDAwMDAsImRlbGV0ZSI6NjAwMDAwMDAwMDAwfX0=",
          "dependencies": [
            "openstack_networking_network_v2.Daniel_network",
            "openstack_networking_subnet_v2.Daniel_UE_AGF_subnetwork"
          ]
        }
      ]
    },
    {
      "mode": "managed",
      "type": "openstack_networking_port_v2",
      "name": "Daniel_UE_control_port",
      "provider": "provider[\"registry.terraform.io/terraform-provider-openstack/openstack\"]",
      "instances": [
        {
          "schema_version": 0,
          "attributes": {
            "admin_state_up": true,
            "all_fixed_ips": [
              "10.0.0.30"
            ],
            "all_security_group_ids": [
              "5d30c798-f894-4886-8913-5ba29bfaf740"
            ],
            "all_tags": [],
            "allowed_address_pairs": [],
            "binding": [
              {
                "host_id": "",
                "profile": "{}",
                "vif_details": {},
                "vif_type": "unbound",
                "vnic_type": "normal"
              }
            ],
            "description": "",
            "device_id": "",
            "device_owner": "",
            "dns_assignment": [],
            "dns_name": "",
            "extra_dhcp_option": [],
            "fixed_ip": [
              {
                "ip_address": "10.0.0.30",
                "subnet_id": "0ba91e1e-7b90-45f5-b30f-988ceb398bf8"
              }
            ],
            "id": "483d6df0-ef9d-4c92-a5cc-491f9511fb9d",
            "mac_address": "fa:16:3e:73:6c:05",
            "name": "Daniel_UE_control_port",
            "network_id": "cbb5f80e-cb1e-47ea-9eee-4e0f8a9bbbee",
            "no_fixed_ip": null,
            "no_security_groups": null,
            "port_security_enabled": true,
            "qos_policy_id": "",
            "region": "RegionOne",
            "security_group_ids": null,
            "tags": null,
            "tenant_id": "2f24bb0d79974c39a6326721d4b884b6",
            "timeouts": {
              "create": "10m",
              "delete": "10m"
            },
            "value_specs": null
          },
          "sensitive_attributes": [],
          "private": "eyJlMmJmYjczMC1lY2FhLTExZTYtOGY4OC0zNDM2M2JjN2M0YzAiOnsiY3JlYXRlIjo2MDAwMDAwMDAwMDAsImRlbGV0ZSI6NjAwMDAwMDAwMDAwfX0=",
          "dependencies": [
            "openstack_networking_network_v2.Daniel_network",
            "openstack_networking_subnet_v2.Daniel_control_subnetwork"
          ]
        }
      ]
    },
    {
      "mode": "managed",
      "type": "openstack_networking_port_v2",
      "name": "Daniel_core5G_AGF_port",
      "provider": "provider[\"registry.terraform.io/terraform-provider-openstack/openstack\"]",
      "instances": [
        {
          "schema_version": 0,
          "attributes": {
            "admin_state_up": true,
            "all_fixed_ips": [
              "10.0.2.40"
            ],
            "all_security_group_ids": [
              "5d30c798-f894-4886-8913-5ba29bfaf740"
            ],
            "all_tags": [],
            "allowed_address_pairs": [],
            "binding": [
              {
                "host_id": "",
                "profile": "{}",
                "vif_details": {},
                "vif_type": "unbound",
                "vnic_type": "normal"
              }
            ],
            "description": "",
            "device_id": "",
            "device_owner": "",
            "dns_assignment": [],
            "dns_name": "",
            "extra_dhcp_option": [],
            "fixed_ip": [
              {
                "ip_address": "10.0.2.40",
                "subnet_id": "0e00de08-3cbc-45b8-9227-d487496d8d33"
              }
            ],
            "id": "95601d36-0244-4b35-ab53-c40244f7151d",
            "mac_address": "fa:16:3e:d7:aa:2a",
            "name": "Daniel_core5G_AGF_port",
            "network_id": "cbb5f80e-cb1e-47ea-9eee-4e0f8a9bbbee",
            "no_fixed_ip": null,
            "no_security_groups": null,
            "port_security_enabled": true,
            "qos_policy_id": "",
            "region": "RegionOne",
            "security_group_ids": null,
            "tags": null,
            "tenant_id": "2f24bb0d79974c39a6326721d4b884b6",
            "timeouts": {
              "create": "10m",
              "delete": "10m"
            },
            "value_specs": null
          },
          "sensitive_attributes": [],
          "private": "eyJlMmJmYjczMC1lY2FhLTExZTYtOGY4OC0zNDM2M2JjN2M0YzAiOnsiY3JlYXRlIjo2MDAwMDAwMDAwMDAsImRlbGV0ZSI6NjAwMDAwMDAwMDAwfX0=",
          "dependencies": [
            "openstack_networking_network_v2.Daniel_network",
            "openstack_networking_subnet_v2.Daniel_AGF_core5G_subnetwork"
          ]
        }
      ]
    },
    {
      "mode": "managed",
      "type": "openstack_networking_port_v2",
      "name": "Daniel_core5G_control_port",
      "provider": "provider[\"registry.terraform.io/terraform-provider-openstack/openstack\"]",
      "instances": [
        {
          "schema_version": 0,
          "attributes": {
            "admin_state_up": true,
            "all_fixed_ips": [
              "10.0.0.60"
            ],
            "all_security_group_ids": [
              "5d30c798-f894-4886-8913-5ba29bfaf740"
            ],
            "all_tags": [],
            "allowed_address_pairs": [],
            "binding": [
              {
                "host_id": "",
                "profile": "{}",
                "vif_details": {},
                "vif_type": "unbound",
                "vnic_type": "normal"
              }
            ],
            "description": "",
            "device_id": "",
            "device_owner": "",
            "dns_assignment": [],
            "dns_name": "",
            "extra_dhcp_option": [],
            "fixed_ip": [
              {
                "ip_address": "10.0.0.60",
                "subnet_id": "0ba91e1e-7b90-45f5-b30f-988ceb398bf8"
              }
            ],
            "id": "df9d27c1-3a0d-4931-892d-e6d8ac557291",
            "mac_address": "fa:16:3e:6b:e7:5a",
            "name": "Daniel_core5G_control_port",
            "network_id": "cbb5f80e-cb1e-47ea-9eee-4e0f8a9bbbee",
            "no_fixed_ip": null,
            "no_security_groups": null,
            "port_security_enabled": true,
            "qos_policy_id": "",
            "region": "RegionOne",
            "security_group_ids": null,
            "tags": null,
            "tenant_id": "2f24bb0d79974c39a6326721d4b884b6",
            "timeouts": {
              "create": "10m",
              "delete": "10m"
            },
            "value_specs": null
          },
          "sensitive_attributes": [],
          "private": "eyJlMmJmYjczMC1lY2FhLTExZTYtOGY4OC0zNDM2M2JjN2M0YzAiOnsiY3JlYXRlIjo2MDAwMDAwMDAwMDAsImRlbGV0ZSI6NjAwMDAwMDAwMDAwfX0=",
          "dependencies": [
            "openstack_networking_network_v2.Daniel_network",
            "openstack_networking_subnet_v2.Daniel_control_subnetwork"
          ]
        }
      ]
    },
    {
      "mode": "managed",
      "type": "openstack_networking_port_v2",
      "name": "Daniel_core5G_internet_port",
      "provider": "provider[\"registry.terraform.io/terraform-provider-openstack/openstack\"]",
      "instances": [
        {
          "schema_version": 0,
          "attributes": {
            "admin_state_up": true,
            "all_fixed_ips": [
              "10.0.3.30"
            ],
            "all_security_group_ids": [
              "5d30c798-f894-4886-8913-5ba29bfaf740"
            ],
            "all_tags": [],
            "allowed_address_pairs": [],
            "binding": [
              {
                "host_id": "",
                "profile": "{}",
                "vif_details": {},
                "vif_type": "unbound",
                "vnic_type": "normal"
              }
            ],
            "description": "",
            "device_id": "",
            "device_owner": "",
            "dns_assignment": [],
            "dns_name": "",
            "extra_dhcp_option": [],
            "fixed_ip": [
              {
                "ip_address": "10.0.3.30",
                "subnet_id": "3d8e963b-864b-4347-9bcb-349f9a17ef95"
              }
            ],
            "id": "6169d7ac-26f7-48dd-93c4-d699bf4b3aab",
            "mac_address": "fa:16:3e:86:5b:9b",
            "name": "Daniel_core5G_internet_port",
            "network_id": "cbb5f80e-cb1e-47ea-9eee-4e0f8a9bbbee",
            "no_fixed_ip": null,
            "no_security_groups": null,
            "port_security_enabled": true,
            "qos_policy_id": "",
            "region": "RegionOne",
            "security_group_ids": null,
            "tags": null,
            "tenant_id": "2f24bb0d79974c39a6326721d4b884b6",
            "timeouts": {
              "create": "10m",
              "delete": "10m"
            },
            "value_specs": null
          },
          "sensitive_attributes": [],
          "private": "eyJlMmJmYjczMC1lY2FhLTExZTYtOGY4OC0zNDM2M2JjN2M0YzAiOnsiY3JlYXRlIjo2MDAwMDAwMDAwMDAsImRlbGV0ZSI6NjAwMDAwMDAwMDAwfX0=",
          "dependencies": [
            "openstack_networking_network_v2.Daniel_network",
            "openstack_networking_subnet_v2.Daniel_core5G_internet_subnetwork"
          ]
        }
      ]
    },
    {
      "mode": "managed",
      "type": "openstack_networking_port_v2",
      "name": "broker_control_port",
      "provider": "provider[\"registry.terraform.io/terraform-provider-openstack/openstack\"]",
      "instances": [
        {
          "schema_version": 0,
          "attributes": {
            "admin_state_up": true,
            "all_fixed_ips": [
              "10.0.0.40"
            ],
            "all_security_group_ids": [
              "5d30c798-f894-4886-8913-5ba29bfaf740"
            ],
            "all_tags": [],
            "allowed_address_pairs": [],
            "binding": [
              {
                "host_id": "",
                "profile": "{}",
                "vif_details": {},
                "vif_type": "unbound",
                "vnic_type": "normal"
              }
            ],
            "description": "",
            "device_id": "",
            "device_owner": "",
            "dns_assignment": [],
            "dns_name": "",
            "extra_dhcp_option": [],
            "fixed_ip": [
              {
                "ip_address": "10.0.0.40",
                "subnet_id": "0ba91e1e-7b90-45f5-b30f-988ceb398bf8"
              }
            ],
            "id": "92a43b27-f238-475b-8d9f-2e8adfe32905",
            "mac_address": "fa:16:3e:89:de:9b",
            "name": "broker_control_port",
            "network_id": "cbb5f80e-cb1e-47ea-9eee-4e0f8a9bbbee",
            "no_fixed_ip": null,
            "no_security_groups": null,
            "port_security_enabled": true,
            "qos_policy_id": "",
            "region": "RegionOne",
            "security_group_ids": null,
            "tags": null,
            "tenant_id": "2f24bb0d79974c39a6326721d4b884b6",
            "timeouts": {
              "create": "10m",
              "delete": "10m"
            },
            "value_specs": null
          },
          "sensitive_attributes": [],
          "private": "eyJlMmJmYjczMC1lY2FhLTExZTYtOGY4OC0zNDM2M2JjN2M0YzAiOnsiY3JlYXRlIjo2MDAwMDAwMDAwMDAsImRlbGV0ZSI6NjAwMDAwMDAwMDAwfX0=",
          "dependencies": [
            "openstack_networking_network_v2.Daniel_network",
            "openstack_networking_subnet_v2.Daniel_control_subnetwork"
          ]
        }
      ]
    },
    {
      "mode": "managed",
      "type": "openstack_networking_router_interface_v2",
      "name": "router_internal_interface",
      "provider": "provider[\"registry.terraform.io/terraform-provider-openstack/openstack\"]",
      "instances": [
        {
          "schema_version": 0,
          "attributes": {
            "force_destroy": false,
            "id": "ff9cb9f5-9613-4bc1-950b-c6e386f67350",
            "port_id": "ff9cb9f5-9613-4bc1-950b-c6e386f67350",
            "region": "RegionOne",
            "router_id": "9349367c-1583-486e-b733-64dc23d045df",
            "subnet_id": "0ba91e1e-7b90-45f5-b30f-988ceb398bf8",
            "timeouts": null
          },
          "sensitive_attributes": [],
          "private": "eyJlMmJmYjczMC1lY2FhLTExZTYtOGY4OC0zNDM2M2JjN2M0YzAiOnsiY3JlYXRlIjo2MDAwMDAwMDAwMDAsImRlbGV0ZSI6NjAwMDAwMDAwMDAwfX0=",
          "dependencies": [
            "openstack_networking_network_v2.Daniel_network",
            "openstack_networking_router_v2.mgmt_router_Daniel",
            "openstack_networking_subnet_v2.Daniel_control_subnetwork"
          ]
        }
      ]
    },
    {
      "mode": "managed",
      "type": "openstack_networking_router_v2",
      "name": "mgmt_router_Daniel",
      "provider": "provider[\"registry.terraform.io/terraform-provider-openstack/openstack\"]",
      "instances": [
        {
          "schema_version": 0,
          "attributes": {
            "admin_state_up": true,
            "all_tags": [],
            "availability_zone_hints": [],
            "description": "",
            "distributed": false,
            "enable_snat": true,
            "external_fixed_ip": [
              {
                "ip_address": "138.4.21.187",
                "subnet_id": "c6ccefc0-becf-4564-9ab4-282146231156"
              }
            ],
            "external_gateway": "30157725-23a0-4b3e-bd6a-ebfc46c39cac",
            "external_network_id": "30157725-23a0-4b3e-bd6a-ebfc46c39cac",
            "external_subnet_ids": null,
            "id": "9349367c-1583-486e-b733-64dc23d045df",
            "name": "mgmt_router_Daniel",
            "region": "RegionOne",
            "tags": null,
            "tenant_id": "2f24bb0d79974c39a6326721d4b884b6",
            "timeouts": null,
            "value_specs": null,
            "vendor_options": []
          },
          "sensitive_attributes": [],
          "private": "eyJlMmJmYjczMC1lY2FhLTExZTYtOGY4OC0zNDM2M2JjN2M0YzAiOnsiY3JlYXRlIjo2MDAwMDAwMDAwMDAsImRlbGV0ZSI6NjAwMDAwMDAwMDAwfX0="
        }
      ]
    },
    {
      "mode": "managed",
      "type": "openstack_networking_subnet_v2",
      "name": "Daniel_AGF_core5G_subnetwork",
      "provider": "provider[\"registry.terraform.io/terraform-provider-openstack/openstack\"]",
      "instances": [
        {
          "schema_version": 0,
          "attributes": {
            "all_tags": [],
            "allocation_pool": [
              {
                "end": "10.0.2.254",
                "start": "10.0.2.2"
              }
            ],
            "allocation_pools": [
              {
                "end": "10.0.2.254",
                "start": "10.0.2.2"
              }
            ],
            "cidr": "10.0.2.0/24",
            "description": "",
            "dns_nameservers": null,
            "enable_dhcp": true,
            "gateway_ip": "10.0.2.1",
            "host_routes": [],
            "id": "0e00de08-3cbc-45b8-9227-d487496d8d33",
            "ip_version": 4,
            "ipv6_address_mode": "",
            "ipv6_ra_mode": "",
            "name": "Daniel_AGF_core5G_subnetwork",
            "network_id": "cbb5f80e-cb1e-47ea-9eee-4e0f8a9bbbee",
            "no_gateway": false,
            "prefix_length": null,
            "region": "RegionOne",
            "service_types": [],
            "subnetpool_id": "",
            "tags": null,
            "tenant_id": "2f24bb0d79974c39a6326721d4b884b6",
            "timeouts": null,
            "value_specs": null
          },
          "sensitive_attributes": [],
          "private": "eyJlMmJmYjczMC1lY2FhLTExZTYtOGY4OC0zNDM2M2JjN2M0YzAiOnsiY3JlYXRlIjo2MDAwMDAwMDAwMDAsImRlbGV0ZSI6NjAwMDAwMDAwMDAwfX0=",
          "dependencies": [
            "openstack_networking_network_v2.Daniel_network"
          ]
        }
      ]
    },
    {
      "mode": "managed",
      "type": "openstack_networking_subnet_v2",
      "name": "Daniel_UE_AGF_subnetwork",
      "provider": "provider[\"registry.terraform.io/terraform-provider-openstack/openstack\"]",
      "instances": [
        {
          "schema_version": 0,
          "attributes": {
            "all_tags": [],
            "allocation_pool": [
              {
                "end": "10.0.1.254",
                "start": "10.0.1.2"
              }
            ],
            "allocation_pools": [
              {
                "end": "10.0.1.254",
                "start": "10.0.1.2"
              }
            ],
            "cidr": "10.0.1.0/24",
            "description": "",
            "dns_nameservers": null,
            "enable_dhcp": true,
            "gateway_ip": "10.0.1.1",
            "host_routes": [],
            "id": "97a7495f-a335-406a-b947-15b231a2a217",
            "ip_version": 4,
            "ipv6_address_mode": "",
            "ipv6_ra_mode": "",
            "name": "Daniel_UE_AGF_subnetwork",
            "network_id": "cbb5f80e-cb1e-47ea-9eee-4e0f8a9bbbee",
            "no_gateway": false,
            "prefix_length": null,
            "region": "RegionOne",
            "service_types": [],
            "subnetpool_id": "",
            "tags": null,
            "tenant_id": "2f24bb0d79974c39a6326721d4b884b6",
            "timeouts": null,
            "value_specs": null
          },
          "sensitive_attributes": [],
          "private": "eyJlMmJmYjczMC1lY2FhLTExZTYtOGY4OC0zNDM2M2JjN2M0YzAiOnsiY3JlYXRlIjo2MDAwMDAwMDAwMDAsImRlbGV0ZSI6NjAwMDAwMDAwMDAwfX0=",
          "dependencies": [
            "openstack_networking_network_v2.Daniel_network"
          ]
        }
      ]
    },
    {
      "mode": "managed",
      "type": "openstack_networking_subnet_v2",
      "name": "Daniel_control_subnetwork",
      "provider": "provider[\"registry.terraform.io/terraform-provider-openstack/openstack\"]",
      "instances": [
        {
          "schema_version": 0,
          "attributes": {
            "all_tags": [],
            "allocation_pool": [
              {
                "end": "10.0.0.254",
                "start": "10.0.0.2"
              }
            ],
            "allocation_pools": [
              {
                "end": "10.0.0.254",
                "start": "10.0.0.2"
              }
            ],
            "cidr": "10.0.0.0/24",
            "description": "",
            "dns_nameservers": null,
            "enable_dhcp": true,
            "gateway_ip": "10.0.0.1",
            "host_routes": [],
            "id": "0ba91e1e-7b90-45f5-b30f-988ceb398bf8",
            "ip_version": 4,
            "ipv6_address_mode": "",
            "ipv6_ra_mode": "",
            "name": "Daniel_control_subnetwork",
            "network_id": "cbb5f80e-cb1e-47ea-9eee-4e0f8a9bbbee",
            "no_gateway": false,
            "prefix_length": null,
            "region": "RegionOne",
            "service_types": [],
            "subnetpool_id": "",
            "tags": null,
            "tenant_id": "2f24bb0d79974c39a6326721d4b884b6",
            "timeouts": null,
            "value_specs": null
          },
          "sensitive_attributes": [],
          "private": "eyJlMmJmYjczMC1lY2FhLTExZTYtOGY4OC0zNDM2M2JjN2M0YzAiOnsiY3JlYXRlIjo2MDAwMDAwMDAwMDAsImRlbGV0ZSI6NjAwMDAwMDAwMDAwfX0=",
          "dependencies": [
            "openstack_networking_network_v2.Daniel_network"
          ]
        }
      ]
    },
    {
      "mode": "managed",
      "type": "openstack_networking_subnet_v2",
      "name": "Daniel_core5G_internet_subnetwork",
      "provider": "provider[\"registry.terraform.io/terraform-provider-openstack/openstack\"]",
      "instances": [
        {
          "schema_version": 0,
          "attributes": {
            "all_tags": [],
            "allocation_pool": [
              {
                "end": "10.0.3.254",
                "start": "10.0.3.2"
              }
            ],
            "allocation_pools": [
              {
                "end": "10.0.3.254",
                "start": "10.0.3.2"
              }
            ],
            "cidr": "10.0.3.0/24",
            "description": "",
            "dns_nameservers": null,
            "enable_dhcp": true,
            "gateway_ip": "10.0.3.1",
            "host_routes": [],
            "id": "3d8e963b-864b-4347-9bcb-349f9a17ef95",
            "ip_version": 4,
            "ipv6_address_mode": "",
            "ipv6_ra_mode": "",
            "name": "Daniel_core5G_internet_subnetwork",
            "network_id": "cbb5f80e-cb1e-47ea-9eee-4e0f8a9bbbee",
            "no_gateway": false,
            "prefix_length": null,
            "region": "RegionOne",
            "service_types": [],
            "subnetpool_id": "",
            "tags": null,
            "tenant_id": "2f24bb0d79974c39a6326721d4b884b6",
            "timeouts": null,
            "value_specs": null
          },
          "sensitive_attributes": [],
          "private": "eyJlMmJmYjczMC1lY2FhLTExZTYtOGY4OC0zNDM2M2JjN2M0YzAiOnsiY3JlYXRlIjo2MDAwMDAwMDAwMDAsImRlbGV0ZSI6NjAwMDAwMDAwMDAwfX0=",
          "dependencies": [
            "openstack_networking_network_v2.Daniel_network"
          ]
        }
      ]
    }
  ],
  "check_results": null
}
